
Microsoft Visual Studio Solution File, Format Version 12.00
# Visual Studio Version 17
VisualStudioVersion = 17.3.32901.215
MinimumVisualStudioVersion = 10.0.40219.1
Project("{9A19103F-16F7-4668-BE54-9A1E7A4F7556}") = "RealStateApiBackend", "RealStateApiBackend/RealStateApiBackend.csproj", "{BE01EC18-3B81-4E00-AC12-0F250FBCB82C}"
EndProject
Global
	GlobalSection(SolutionConfigurationPlatforms) = preSolution
		Debug|Any CPU = Debug|Any CPU
		Release|Any CPU = Release|Any CPU
	EndGlobalSection
	GlobalSection(ProjectConfigurationPlatforms) = postSolution
		{BE01EC18-3B81-4E00-AC12-0F250FBCB82C}.Debug|Any CPU.ActiveCfg = Debug|Any CPU
		{BE01EC18-3B81-4E00-AC12-0F250FBCB82C}.Debug|Any CPU.Build.0 = Debug|Any CPU
		{BE01EC18-3B81-4E00-AC12-0F250FBCB82C}.Release|Any CPU.ActiveCfg = Release|Any CPU
		{BE01EC18-3B81-4E00-AC12-0F250FBCB82C}.Release|Any CPU.Build.0 = Release|Any CPU
	EndGlobalSection
	GlobalSection(SolutionProperties) = preSolution
		HideSolutionNode = FALSE
	EndGlobalSection
	GlobalSection(ExtensibilityGlobals) = postSolution
		SolutionGuid = {96A1A884-3371-4FEF-B667-FB3D1D13A5DD}
	EndGlobalSection
EndGlobal
